
Microsoft Visual Studio Solution File, Format Version 12.00
# Visual Studio Version 17
VisualStudioVersion = 17.9.34728.123
MinimumVisualStudioVersion = 10.0.40219.1
Project("{9A19103F-16F7-4668-BE54-9A1E7A4F7556}") = "flowershop-sprout", "flowershop-sprout\flowershop-sprout.csproj", "{35B24B0C-B0C3-488A-BE75-ADEDDFCE9BB2}"
EndProject
Global
	GlobalSection(SolutionConfigurationPlatforms) = preSolution
		Debug|Any CPU = Debug|Any CPU
		Release|Any CPU = Release|Any CPU
	EndGlobalSection
	GlobalSection(ProjectConfigurationPlatforms) = postSolution
		{35B24B0C-B0C3-488A-BE75-ADEDDFCE9BB2}.Debug|Any CPU.ActiveCfg = Debug|Any CPU
		{35B24B0C-B0C3-488A-BE75-ADEDDFCE9BB2}.Debug|Any CPU.Build.0 = Debug|Any CPU
		{35B24B0C-B0C3-488A-BE75-ADEDDFCE9BB2}.Release|Any CPU.ActiveCfg = Release|Any CPU
		{35B24B0C-B0C3-488A-BE75-ADEDDFCE9BB2}.Release|Any CPU.Build.0 = Release|Any CPU
	EndGlobalSection
	GlobalSection(SolutionProperties) = preSolution
		HideSolutionNode = FALSE
	EndGlobalSection
	GlobalSection(ExtensibilityGlobals) = postSolution
		SolutionGuid = {BD8C6DFB-A4B0-42E9-AA07-6F9F1C4ED149}
	EndGlobalSection
EndGlobal
